// !$*UTF8*$!
{
	archiveVersion = 1;
	classes = {
	};
	objectVersion = 46;
	objects = {

/* Begin PBXBuildFile section */
		F9345285165A58E300A5F90B /* icon.icns in Resources */ = {isa = PBXBuildFile; fileRef = F9345284165A58E300A5F90B /* icon.icns */; };
		F9345293165A7DC200A5F90B /* RSAEncryptor.mm in Sources */ = {isa = PBXBuildFile; fileRef = F9345292165A7DC200A5F90B /* RSAEncryptor.mm */; };
		F939F074165972A20028CAC3 /* MainWindowController.mm in Sources */ = {isa = PBXBuildFile; fileRef = F939F072165972A20028CAC3 /* MainWindowController.mm */; };
		F939F075165972A20028CAC3 /* MainWindowController.xib in Resources */ = {isa = PBXBuildFile; fileRef = F939F073165972A20028CAC3 /* MainWindowController.xib */; };
		F939F07E165974410028CAC3 /* GenerateViewController.mm in Sources */ = {isa = PBXBuildFile; fileRef = F939F07C165974410028CAC3 /* GenerateViewController.mm */; };
		F939F07F165974410028CAC3 /* GenerateViewController.xib in Resources */ = {isa = PBXBuildFile; fileRef = F939F07D165974410028CAC3 /* GenerateViewController.xib */; };
		F939F083165981340028CAC3 /* EncryptViewController.mm in Sources */ = {isa = PBXBuildFile; fileRef = F939F081165981340028CAC3 /* EncryptViewController.mm */; };
		F939F084165981340028CAC3 /* EncryptViewController.xib in Resources */ = {isa = PBXBuildFile; fileRef = F939F082165981340028CAC3 /* EncryptViewController.xib */; };
		F939F088165981400028CAC3 /* DecryptViewController.mm in Sources */ = {isa = PBXBuildFile; fileRef = F939F0861659813F0028CAC3 /* DecryptViewController.mm */; };
		F939F089165981400028CAC3 /* DecryptViewController.xib in Resources */ = {isa = PBXBuildFile; fileRef = F939F087165981400028CAC3 /* DecryptViewController.xib */; };
		F9ECC9F41657A8ED00D3CC84 /* Cocoa.framework in Frameworks */ = {isa = PBXBuildFile; fileRef = F9ECC9F31657A8ED00D3CC84 /* Cocoa.framework */; };
		F9ECC9FE1657A8ED00D3CC84 /* InfoPlist.strings in Resources */ = {isa = PBXBuildFile; fileRef = F9ECC9FC1657A8ED00D3CC84 /* InfoPlist.strings */; };
		F9ECCA001657A8ED00D3CC84 /* main.m in Sources */ = {isa = PBXBuildFile; fileRef = F9ECC9FF1657A8ED00D3CC84 /* main.m */; };
		F9ECCA041657A8ED00D3CC84 /* Credits.rtf in Resources */ = {isa = PBXBuildFile; fileRef = F9ECCA021657A8ED00D3CC84 /* Credits.rtf */; };
		F9ECCA071657A8ED00D3CC84 /* AppDelegate.mm in Sources */ = {isa = PBXBuildFile; fileRef = F9ECCA061657A8ED00D3CC84 /* AppDelegate.mm */; };
		F9ECCA0A1657A8ED00D3CC84 /* MainMenu.xib in Resources */ = {isa = PBXBuildFile; fileRef = F9ECCA081657A8ED00D3CC84 /* MainMenu.xib */; };
		F9ECCA161657AA7400D3CC84 /* libgmp.a in Frameworks */ = {isa = PBXBuildFile; fileRef = F9ECCA141657AA7400D3CC84 /* libgmp.a */; };
		F9ECCA171657AA7400D3CC84 /* libgmpxx.a in Frameworks */ = {isa = PBXBuildFile; fileRef = F9ECCA151657AA7400D3CC84 /* libgmpxx.a */; };
		F9ECCA1A1657AAC100D3CC84 /* RSAKey.mm in Sources */ = {isa = PBXBuildFile; fileRef = F9ECCA191657AAC100D3CC84 /* RSAKey.mm */; };
		F9ECCA1D1657B22700D3CC84 /* Helper.mm in Sources */ = {isa = PBXBuildFile; fileRef = F9ECCA1C1657B22600D3CC84 /* Helper.mm */; };
		F9ECCA241657B77000D3CC84 /* RSAKeyPair.mm in Sources */ = {isa = PBXBuildFile; fileRef = F9ECCA231657B77000D3CC84 /* RSAKeyPair.mm */; };
/* End PBXBuildFile section */

/* Begin PBXFileReference section */
		F9345284165A58E300A5F90B /* icon.icns */ = {isa = PBXFileReference; lastKnownFileType = image.icns; name = icon.icns; path = ../icon.icns; sourceTree = "<group>"; };
		F9345291165A7DC200A5F90B /* RSAEncryptor.h */ = {isa = PBXFileReference; fileEncoding = 4; lastKnownFileType = sourcecode.c.h; path = RSAEncryptor.h; sourceTree = "<group>"; };
		F9345292165A7DC200A5F90B /* RSAEncryptor.mm */ = {isa = PBXFileReference; fileEncoding = 4; lastKnownFileType = sourcecode.cpp.objcpp; path = RSAEncryptor.mm; sourceTree = "<group>"; };
		F939F071165972A20028CAC3 /* MainWindowController.h */ = {isa = PBXFileReference; fileEncoding = 4; lastKnownFileType = sourcecode.c.h; path = MainWindowController.h; sourceTree = "<group>"; };
		F939F072165972A20028CAC3 /* MainWindowController.mm */ = {isa = PBXFileReference; fileEncoding = 4; lastKnownFileType = sourcecode.cpp.objcpp; path = MainWindowController.mm; sourceTree = "<group>"; };
		F939F073165972A20028CAC3 /* MainWindowController.xib */ = {isa = PBXFileReference; fileEncoding = 4; lastKnownFileType = file.xib; path = MainWindowController.xib; sourceTree = "<group>"; };
		F939F07B165974410028CAC3 /* GenerateViewController.h */ = {isa = PBXFileReference; fileEncoding = 4; lastKnownFileType = sourcecode.c.h; path = GenerateViewController.h; sourceTree = "<group>"; };
		F939F07C165974410028CAC3 /* GenerateViewController.mm */ = {isa = PBXFileReference; fileEncoding = 4; lastKnownFileType = sourcecode.cpp.objcpp; path = GenerateViewController.mm; sourceTree = "<group>"; };
		F939F07D165974410028CAC3 /* GenerateViewController.xib */ = {isa = PBXFileReference; fileEncoding = 4; lastKnownFileType = file.xib; path = GenerateViewController.xib; sourceTree = "<group>"; };
		F939F080165981340028CAC3 /* EncryptViewController.h */ = {isa = PBXFileReference; fileEncoding = 4; lastKnownFileType = sourcecode.c.h; path = EncryptViewController.h; sourceTree = "<group>"; };
		F939F081165981340028CAC3 /* EncryptViewController.mm */ = {isa = PBXFileReference; fileEncoding = 4; lastKnownFileType = sourcecode.cpp.objcpp; path = EncryptViewController.mm; sourceTree = "<group>"; };
		F939F082165981340028CAC3 /* EncryptViewController.xib */ = {isa = PBXFileReference; fileEncoding = 4; lastKnownFileType = file.xib; path = EncryptViewController.xib; sourceTree = "<group>"; };
		F939F0851659813F0028CAC3 /* DecryptViewController.h */ = {isa = PBXFileReference; fileEncoding = 4; lastKnownFileType = sourcecode.c.h; path = DecryptViewController.h; sourceTree = "<group>"; };
		F939F0861659813F0028CAC3 /* DecryptViewController.mm */ = {isa = PBXFileReference; fileEncoding = 4; lastKnownFileType = sourcecode.cpp.objcpp; path = DecryptViewController.mm; sourceTree = "<group>"; };
		F939F087165981400028CAC3 /* DecryptViewController.xib */ = {isa = PBXFileReference; fileEncoding = 4; lastKnownFileType = file.xib; path = DecryptViewController.xib; sourceTree = "<group>"; };
		F9ECC9EF1657A8ED00D3CC84 /* RSAUtility.app */ = {isa = PBXFileReference; explicitFileType = wrapper.application; includeInIndex = 0; path = RSAUtility.app; sourceTree = BUILT_PRODUCTS_DIR; };
		F9ECC9F31657A8ED00D3CC84 /* Cocoa.framework */ = {isa = PBXFileReference; lastKnownFileType = wrapper.framework; name = Cocoa.framework; path = System/Library/Frameworks/Cocoa.framework; sourceTree = SDKROOT; };
		F9ECC9F61657A8ED00D3CC84 /* AppKit.framework */ = {isa = PBXFileReference; lastKnownFileType = wrapper.framework; name = AppKit.framework; path = System/Library/Frameworks/AppKit.framework; sourceTree = SDKROOT; };
		F9ECC9F71657A8ED00D3CC84 /* CoreData.framework */ = {isa = PBXFileReference; lastKnownFileType = wrapper.framework; name = CoreData.framework; path = System/Library/Frameworks/CoreData.framework; sourceTree = SDKROOT; };
		F9ECC9F81657A8ED00D3CC84 /* Foundation.framework */ = {isa = PBXFileReference; lastKnownFileType = wrapper.framework; name = Foundation.framework; path = System/Library/Frameworks/Foundation.framework; sourceTree = SDKROOT; };
		F9ECC9FB1657A8ED00D3CC84 /* RSAUtility-Info.plist */ = {isa = PBXFileReference; lastKnownFileType = text.plist.xml; path = "RSAUtility-Info.plist"; sourceTree = "<group>"; };
		F9ECC9FD1657A8ED00D3CC84 /* en */ = {isa = PBXFileReference; lastKnownFileType = text.plist.strings; name = en; path = en.lproj/InfoPlist.strings; sourceTree = "<group>"; };
		F9ECC9FF1657A8ED00D3CC84 /* main.m */ = {isa = PBXFileReference; lastKnownFileType = sourcecode.c.objc; path = main.m; sourceTree = "<group>"; };
		F9ECCA011657A8ED00D3CC84 /* RSAUtility-Prefix.pch */ = {isa = PBXFileReference; lastKnownFileType = sourcecode.c.h; path = "RSAUtility-Prefix.pch"; sourceTree = "<group>"; };
		F9ECCA031657A8ED00D3CC84 /* en */ = {isa = PBXFileReference; lastKnownFileType = text.rtf; name = en; path = en.lproj/Credits.rtf; sourceTree = "<group>"; };
		F9ECCA051657A8ED00D3CC84 /* AppDelegate.h */ = {isa = PBXFileReference; lastKnownFileType = sourcecode.c.h; path = AppDelegate.h; sourceTree = "<group>"; };
		F9ECCA061657A8ED00D3CC84 /* AppDelegate.mm */ = {isa = PBXFileReference; explicitFileType = sourcecode.cpp.objcpp; path = AppDelegate.mm; sourceTree = "<group>"; };
		F9ECCA091657A8ED00D3CC84 /* en */ = {isa = PBXFileReference; lastKnownFileType = file.xib; name = en; path = en.lproj/MainMenu.xib; sourceTree = "<group>"; };
		F9ECCA121657AA7400D3CC84 /* gmp.h */ = {isa = PBXFileReference; fileEncoding = 4; lastKnownFileType = sourcecode.c.h; path = gmp.h; sourceTree = "<group>"; };
		F9ECCA131657AA7400D3CC84 /* gmpxx.h */ = {isa = PBXFileReference; fileEncoding = 4; lastKnownFileType = sourcecode.c.h; path = gmpxx.h; sourceTree = "<group>"; };
		F9ECCA141657AA7400D3CC84 /* libgmp.a */ = {isa = PBXFileReference; lastKnownFileType = archive.ar; path = libgmp.a; sourceTree = "<group>"; };
		F9ECCA151657AA7400D3CC84 /* libgmpxx.a */ = {isa = PBXFileReference; lastKnownFileType = archive.ar; path = libgmpxx.a; sourceTree = "<group>"; };
		F9ECCA181657AAC100D3CC84 /* RSAKey.h */ = {isa = PBXFileReference; fileEncoding = 4; lastKnownFileType = sourcecode.c.h; path = RSAKey.h; sourceTree = "<group>"; };
		F9ECCA191657AAC100D3CC84 /* RSAKey.mm */ = {isa = PBXFileReference; explicitFileType = sourcecode.cpp.objcpp; fileEncoding = 4; path = RSAKey.mm; sourceTree = "<group>"; };
		F9ECCA1B1657B22600D3CC84 /* Helper.h */ = {isa = PBXFileReference; fileEncoding = 4; lastKnownFileType = sourcecode.c.h; path = Helper.h; sourceTree = "<group>"; };
		F9ECCA1C1657B22600D3CC84 /* Helper.mm */ = {isa = PBXFileReference; explicitFileType = sourcecode.cpp.objcpp; fileEncoding = 4; path = Helper.mm; sourceTree = "<group>"; };
		F9ECCA221657B77000D3CC84 /* RSAKeyPair.h */ = {isa = PBXFileReference; fileEncoding = 4; lastKnownFileType = sourcecode.c.h; path = RSAKeyPair.h; sourceTree = "<group>"; };
		F9ECCA231657B77000D3CC84 /* RSAKeyPair.mm */ = {isa = PBXFileReference; fileEncoding = 4; lastKnownFileType = sourcecode.cpp.objcpp; path = RSAKeyPair.mm; sourceTree = "<group>"; };
/* End PBXFileReference section */

/* Begin PBXFrameworksBuildPhase section */
		F9ECC9EC1657A8ED00D3CC84 /* Frameworks */ = {
			isa = PBXFrameworksBuildPhase;
			buildActionMask = 2147483647;
			files = (
				F9ECC9F41657A8ED00D3CC84 /* Cocoa.framework in Frameworks */,
				F9ECCA161657AA7400D3CC84 /* libgmp.a in Frameworks */,
				F9ECCA171657AA7400D3CC84 /* libgmpxx.a in Frameworks */,
			);
			runOnlyForDeploymentPostprocessing = 0;
		};
/* End PBXFrameworksBuildPhase section */

/* Begin PBXGroup section */
		F939F06916596B020028CAC3 /* Sources */ = {
			isa = PBXGroup;
			children = (
				F939F0701659726A0028CAC3 /* Controllers */,
				F9ECCA1B1657B22600D3CC84 /* Helper.h */,
				F9ECCA1C1657B22600D3CC84 /* Helper.mm */,
				F9345291165A7DC200A5F90B /* RSAEncryptor.h */,
				F9345292165A7DC200A5F90B /* RSAEncryptor.mm */,
				F9ECCA181657AAC100D3CC84 /* RSAKey.h */,
				F9ECCA191657AAC100D3CC84 /* RSAKey.mm */,
				F9ECCA221657B77000D3CC84 /* RSAKeyPair.h */,
				F9ECCA231657B77000D3CC84 /* RSAKeyPair.mm */,
				F9ECCA051657A8ED00D3CC84 /* AppDelegate.h */,
				F9ECCA061657A8ED00D3CC84 /* AppDelegate.mm */,
			);
			name = Sources;
			sourceTree = "<group>";
		};
		F939F06B16596B1E0028CAC3 /* Resources */ = {
			isa = PBXGroup;
			children = (
				F9345284165A58E300A5F90B /* icon.icns */,
				F939F087165981400028CAC3 /* DecryptViewController.xib */,
				F939F082165981340028CAC3 /* EncryptViewController.xib */,
				F939F07D165974410028CAC3 /* GenerateViewController.xib */,
				F9ECCA081657A8ED00D3CC84 /* MainMenu.xib */,
				F939F073165972A20028CAC3 /* MainWindowController.xib */,
			);
			name = Resources;
			sourceTree = "<group>";
		};
		F939F0701659726A0028CAC3 /* Controllers */ = {
			isa = PBXGroup;
			children = (
				F939F0851659813F0028CAC3 /* DecryptViewController.h */,
				F939F0861659813F0028CAC3 /* DecryptViewController.mm */,
				F939F080165981340028CAC3 /* EncryptViewController.h */,
				F939F081165981340028CAC3 /* EncryptViewController.mm */,
				F939F07B165974410028CAC3 /* GenerateViewController.h */,
				F939F07C165974410028CAC3 /* GenerateViewController.mm */,
				F939F071165972A20028CAC3 /* MainWindowController.h */,
				F939F072165972A20028CAC3 /* MainWindowController.mm */,
			);
			name = Controllers;
			sourceTree = "<group>";
		};
		F9ECC9E41657A8ED00D3CC84 = {
			isa = PBXGroup;
			children = (
				F9ECC9F91657A8ED00D3CC84 /* RSAUtility */,
				F9ECC9F21657A8ED00D3CC84 /* Frameworks */,
				F9ECC9F01657A8ED00D3CC84 /* Products */,
			);
			sourceTree = "<group>";
		};
		F9ECC9F01657A8ED00D3CC84 /* Products */ = {
			isa = PBXGroup;
			children = (
				F9ECC9EF1657A8ED00D3CC84 /* RSAUtility.app */,
			);
			name = Products;
			sourceTree = "<group>";
		};
		F9ECC9F21657A8ED00D3CC84 /* Frameworks */ = {
			isa = PBXGroup;
			children = (
				F9ECC9F31657A8ED00D3CC84 /* Cocoa.framework */,
				F9ECC9F51657A8ED00D3CC84 /* Other Frameworks */,
			);
			name = Frameworks;
			sourceTree = "<group>";
		};
		F9ECC9F51657A8ED00D3CC84 /* Other Frameworks */ = {
			isa = PBXGroup;
			children = (
				F9ECC9F61657A8ED00D3CC84 /* AppKit.framework */,
				F9ECC9F71657A8ED00D3CC84 /* CoreData.framework */,
				F9ECC9F81657A8ED00D3CC84 /* Foundation.framework */,
			);
			name = "Other Frameworks";
			sourceTree = "<group>";
		};
		F9ECC9F91657A8ED00D3CC84 /* RSAUtility */ = {
			isa = PBXGroup;
			children = (
				F9ECCA101657AA7400D3CC84 /* Libs */,
				F939F06916596B020028CAC3 /* Sources */,
				F939F06B16596B1E0028CAC3 /* Resources */,
				F9ECC9FA1657A8ED00D3CC84 /* Supporting Files */,
			);
			name = RSAUtility;
			path = RSAMessenger;
			sourceTree = "<group>";
		};
		F9ECC9FA1657A8ED00D3CC84 /* Supporting Files */ = {
			isa = PBXGroup;
			children = (
				F9ECC9FB1657A8ED00D3CC84 /* RSAUtility-Info.plist */,
				F9ECC9FC1657A8ED00D3CC84 /* InfoPlist.strings */,
				F9ECC9FF1657A8ED00D3CC84 /* main.m */,
				F9ECCA011657A8ED00D3CC84 /* RSAUtility-Prefix.pch */,
				F9ECCA021657A8ED00D3CC84 /* Credits.rtf */,
			);
			name = "Supporting Files";
			sourceTree = "<group>";
		};
		F9ECCA101657AA7400D3CC84 /* Libs */ = {
			isa = PBXGroup;
			children = (
				F9ECCA111657AA7400D3CC84 /* gmp */,
			);
			name = Libs;
			path = libs;
			sourceTree = "<group>";
		};
		F9ECCA111657AA7400D3CC84 /* gmp */ = {
			isa = PBXGroup;
			children = (
				F9ECCA121657AA7400D3CC84 /* gmp.h */,
				F9ECCA131657AA7400D3CC84 /* gmpxx.h */,
				F9ECCA141657AA7400D3CC84 /* libgmp.a */,
				F9ECCA151657AA7400D3CC84 /* libgmpxx.a */,
			);
			path = gmp;
			sourceTree = "<group>";
		};
/* End PBXGroup section */

/* Begin PBXNativeTarget section */
		F9ECC9EE1657A8ED00D3CC84 /* RSAUtility */ = {
			isa = PBXNativeTarget;
			buildConfigurationList = F9ECCA0D1657A8ED00D3CC84 /* Build configuration list for PBXNativeTarget "RSAUtility" */;
			buildPhases = (
				F9ECC9EB1657A8ED00D3CC84 /* Sources */,
				F9ECC9EC1657A8ED00D3CC84 /* Frameworks */,
				F9ECC9ED1657A8ED00D3CC84 /* Resources */,
			);
			buildRules = (
			);
			dependencies = (
			);
			name = RSAUtility;
			productName = RSAMessenger;
			productReference = F9ECC9EF1657A8ED00D3CC84 /* RSAUtility.app */;
			productType = "com.apple.product-type.application";
		};
/* End PBXNativeTarget section */

/* Begin PBXProject section */
		F9ECC9E61657A8ED00D3CC84 /* Project object */ = {
			isa = PBXProject;
			attributes = {
				LastUpgradeCheck = 0450;
				ORGANIZATIONNAME = skomik;
			};
			buildConfigurationList = F9ECC9E91657A8ED00D3CC84 /* Build configuration list for PBXProject "RSAUtility" */;
			compatibilityVersion = "Xcode 3.2";
			developmentRegion = English;
			hasScannedForEncodings = 0;
			knownRegions = (
				en,
			);
			mainGroup = F9ECC9E41657A8ED00D3CC84;
			productRefGroup = F9ECC9F01657A8ED00D3CC84 /* Products */;
			projectDirPath = "";
			projectRoot = "";
			targets = (
				F9ECC9EE1657A8ED00D3CC84 /* RSAUtility */,
			);
		};
/* End PBXProject section */

/* Begin PBXResourcesBuildPhase section */
		F9ECC9ED1657A8ED00D3CC84 /* Resources */ = {
			isa = PBXResourcesBuildPhase;
			buildActionMask = 2147483647;
			files = (
				F9ECC9FE1657A8ED00D3CC84 /* InfoPlist.strings in Resources */,
				F9ECCA041657A8ED00D3CC84 /* Credits.rtf in Resources */,
				F9ECCA0A1657A8ED00D3CC84 /* MainMenu.xib in Resources */,
				F939F075165972A20028CAC3 /* MainWindowController.xib in Resources */,
				F939F07F165974410028CAC3 /* GenerateViewController.xib in Resources */,
				F939F084165981340028CAC3 /* EncryptViewController.xib in Resources */,
				F939F089165981400028CAC3 /* DecryptViewController.xib in Resources */,
				F9345285165A58E300A5F90B /* icon.icns in Resources */,
			);
			runOnlyForDeploymentPostprocessing = 0;
		};
/* End PBXResourcesBuildPhase section */

/* Begin PBXSourcesBuildPhase section */
		F9ECC9EB1657A8ED00D3CC84 /* Sources */ = {
			isa = PBXSourcesBuildPhase;
			buildActionMask = 2147483647;
			files = (
				F9ECCA001657A8ED00D3CC84 /* main.m in Sources */,
				F9ECCA071657A8ED00D3CC84 /* AppDelegate.mm in Sources */,
				F9ECCA1A1657AAC100D3CC84 /* RSAKey.mm in Sources */,
				F9ECCA1D1657B22700D3CC84 /* Helper.mm in Sources */,
				F9ECCA241657B77000D3CC84 /* RSAKeyPair.mm in Sources */,
				F939F074165972A20028CAC3 /* MainWindowController.mm in Sources */,
				F939F07E165974410028CAC3 /* GenerateViewController.mm in Sources */,
				F939F083165981340028CAC3 /* EncryptViewController.mm in Sources */,
				F939F088165981400028CAC3 /* DecryptViewController.mm in Sources */,
				F9345293165A7DC200A5F90B /* RSAEncryptor.mm in Sources */,
			);
			runOnlyForDeploymentPostprocessing = 0;
		};
/* End PBXSourcesBuildPhase section */

/* Begin PBXVariantGroup section */
		F9ECC9FC1657A8ED00D3CC84 /* InfoPlist.strings */ = {
			isa = PBXVariantGroup;
			children = (
				F9ECC9FD1657A8ED00D3CC84 /* en */,
			);
			name = InfoPlist.strings;
			sourceTree = "<group>";
		};
		F9ECCA021657A8ED00D3CC84 /* Credits.rtf */ = {
			isa = PBXVariantGroup;
			children = (
				F9ECCA031657A8ED00D3CC84 /* en */,
			);
			name = Credits.rtf;
			sourceTree = "<group>";
		};
		F9ECCA081657A8ED00D3CC84 /* MainMenu.xib */ = {
			isa = PBXVariantGroup;
			children = (
				F9ECCA091657A8ED00D3CC84 /* en */,
			);
			name = MainMenu.xib;
			sourceTree = "<group>";
		};
/* End PBXVariantGroup section */

/* Begin XCBuildConfiguration section */
		F9ECCA0B1657A8ED00D3CC84 /* Debug */ = {
			isa = XCBuildConfiguration;
			buildSettings = {
				ALWAYS_SEARCH_USER_PATHS = NO;
				ARCHS = "$(ARCHS_STANDARD_64_BIT)";
				CLANG_CXX_LANGUAGE_STANDARD = "gnu++0x";
				CLANG_CXX_LIBRARY = "libc++";
				CLANG_WARN_EMPTY_BODY = YES;
				CLANG_WARN__DUPLICATE_METHOD_MATCH = YES;
				COPY_PHASE_STRIP = NO;
				GCC_C_LANGUAGE_STANDARD = gnu99;
				GCC_DYNAMIC_NO_PIC = NO;
				GCC_ENABLE_OBJC_EXCEPTIONS = YES;
				GCC_OPTIMIZATION_LEVEL = 0;
				GCC_PREPROCESSOR_DEFINITIONS = (
					"DEBUG=1",
					"$(inherited)",
				);
				GCC_SYMBOLS_PRIVATE_EXTERN = NO;
				GCC_WARN_64_TO_32_BIT_CONVERSION = YES;
				GCC_WARN_ABOUT_RETURN_TYPE = YES;
				GCC_WARN_UNINITIALIZED_AUTOS = YES;
				GCC_WARN_UNUSED_VARIABLE = YES;
				MACOSX_DEPLOYMENT_TARGET = 10.8;
				ONLY_ACTIVE_ARCH = YES;
				SDKROOT = macosx;
			};
			name = Debug;
		};
		F9ECCA0C1657A8ED00D3CC84 /* Release */ = {
			isa = XCBuildConfiguration;
			buildSettings = {
				ALWAYS_SEARCH_USER_PATHS = NO;
				ARCHS = "$(ARCHS_STANDARD_64_BIT)";
				CLANG_CXX_LANGUAGE_STANDARD = "gnu++0x";
				CLANG_CXX_LIBRARY = "libc++";
				CLANG_WARN_EMPTY_BODY = YES;
				CLANG_WARN__DUPLICATE_METHOD_MATCH = YES;
				COPY_PHASE_STRIP = YES;
				DEBUG_INFORMATION_FORMAT = "dwarf-with-dsym";
				GCC_C_LANGUAGE_STANDARD = gnu99;
				GCC_ENABLE_OBJC_EXCEPTIONS = YES;
				GCC_WARN_64_TO_32_BIT_CONVERSION = YES;
				GCC_WARN_ABOUT_RETURN_TYPE = YES;
				GCC_WARN_UNINITIALIZED_AUTOS = YES;
				GCC_WARN_UNUSED_VARIABLE = YES;
				MACOSX_DEPLOYMENT_TARGET = 10.8;
				SDKROOT = macosx;
			};
			name = Release;
		};
		F9ECCA0E1657A8ED00D3CC84 /* Debug */ = {
			isa = XCBuildConfiguration;
			buildSettings = {
				COMBINE_HIDPI_IMAGES = YES;
				GCC_PRECOMPILE_PREFIX_HEADER = YES;
				GCC_PREFIX_HEADER = "RSAMessenger/RSAUtility-Prefix.pch";
				HEADER_SEARCH_PATHS = "\"$(SRCROOT)/RSAMessenger/libs/gmp\"";
				INFOPLIST_FILE = "RSAMessenger/RSAUtility-Info.plist";
				LIBRARY_SEARCH_PATHS = (
					"$(inherited)",
					"\"$(SRCROOT)/RSAMessenger/libs/gmp\"",
				);
				PRODUCT_NAME = RSAUtility;
				WRAPPER_EXTENSION = app;
			};
			name = Debug;
		};
		F9ECCA0F1657A8ED00D3CC84 /* Release */ = {
			isa = XCBuildConfiguration;
			buildSettings = {
				COMBINE_HIDPI_IMAGES = YES;
				GCC_PRECOMPILE_PREFIX_HEADER = YES;
				GCC_PREFIX_HEADER = "RSAMessenger/RSAUtility-Prefix.pch";
				HEADER_SEARCH_PATHS = "\"$(SRCROOT)/RSAMessenger/libs/gmp\"";
				INFOPLIST_FILE = "RSAMessenger/RSAUtility-Info.plist";
				LIBRARY_SEARCH_PATHS = (
					"$(inherited)",
					"\"$(SRCROOT)/RSAMessenger/libs/gmp\"",
				);
				PRODUCT_NAME = RSAUtility;
				WRAPPER_EXTENSION = app;
			};
			name = Release;
		};
/* End XCBuildConfiguration section */

/* Begin XCConfigurationList section */
		F9ECC9E91657A8ED00D3CC84 /* Build configuration list for PBXProject "RSAUtility" */ = {
			isa = XCConfigurationList;
			buildConfigurations = (
				F9ECCA0B1657A8ED00D3CC84 /* Debug */,
				F9ECCA0C1657A8ED00D3CC84 /* Release */,
			);
			defaultConfigurationIsVisible = 0;
			defaultConfigurationName = Release;
		};
		F9ECCA0D1657A8ED00D3CC84 /* Build configuration list for PBXNativeTarget "RSAUtility" */ = {
			isa = XCConfigurationList;
			buildConfigurations = (
				F9ECCA0E1657A8ED00D3CC84 /* Debug */,
				F9ECCA0F1657A8ED00D3CC84 /* Release */,
			);
			defaultConfigurationIsVisible = 0;
			defaultConfigurationName = Release;
		};
/* End XCConfigurationList section */
	};
	rootObject = F9ECC9E61657A8ED00D3CC84 /* Project object */;
}
